dependencies:
  espressif/mdns:
    component_hash: 7fd79958fd0b9a4917ee4f50141fe29c902c02d1a1feb1d6751276049b186d6b
    dependencies:
    - name: idf
      require: private
      version: '>=5.0'
    source:
      registry_url: https://components.espressif.com/
      type: service
    version: 1.8.0
  idf:
    source:
      type: idf
    version: 5.4.1
direct_dependencies:
- espressif/mdns
manifest_hash: 7063fe153444404402628529bfbd116fd8e2b9a01bcb744749cf6d1dd8af4012
target: esp32
version: 2.0.0
